
Microsoft Visual Studio Solution File, Format Version 12.00
# Visual Studio Version 16
VisualStudioVersion = 16.0.31105.61
MinimumVisualStudioVersion = 10.0.40219.1
Project("{FAE04EC0-301F-11D3-BF4B-00C04F79EFBC}") = "Employee", "Employee\Employee.csproj", "{DED58342-CD53-41B9-BBA4-2FC0FAB00EA8}"
EndProject
Project("{FAE04EC0-301F-11D3-BF4B-00C04F79EFBC}") = "Client", "Client\Client.csproj", "{DA163E5C-1213-420B-9E78-5DE006690675}"
EndProject
Project("{FAE04EC0-301F-11D3-BF4B-00C04F79EFBC}") = "Manager", "Manager\Manager.csproj", "{F4E25D11-5CF9-466E-BA89-6D48D9CCB2D2}"
EndProject
Project("{FAE04EC0-301F-11D3-BF4B-00C04F79EFBC}") = "Server", "Server\Server.csproj", "{A0E23106-D93A-4D6D-B276-C94BBD29C216}"
EndProject
Project("{2150E333-8FDC-42A3-9474-1A3956D46DE8}") = "Solution Items", "Solution Items", "{67970F28-45FC-43C4-8DA4-7F18D17AB192}"
	ProjectSection(SolutionItems) = preProject
		.gitignore = .gitignore
	EndProjectSection
EndProject
Project("{FAE04EC0-301F-11D3-BF4B-00C04F79EFBC}") = "EntityLibrary", "EntityLibrary\EntityLibrary.csproj", "{1CB6E185-AAB8-4FA5-B3C9-D0D4DC5808DB}"
EndProject
Global
	GlobalSection(SolutionConfigurationPlatforms) = preSolution
		Debug|Any CPU = Debug|Any CPU
		Release|Any CPU = Release|Any CPU
	EndGlobalSection
	GlobalSection(ProjectConfigurationPlatforms) = postSolution
		{DED58342-CD53-41B9-BBA4-2FC0FAB00EA8}.Debug|Any CPU.ActiveCfg = Debug|Any CPU
		{DED58342-CD53-41B9-BBA4-2FC0FAB00EA8}.Debug|Any CPU.Build.0 = Debug|Any CPU
		{DED58342-CD53-41B9-BBA4-2FC0FAB00EA8}.Release|Any CPU.ActiveCfg = Release|Any CPU
		{DED58342-CD53-41B9-BBA4-2FC0FAB00EA8}.Release|Any CPU.Build.0 = Release|Any CPU
		{DA163E5C-1213-420B-9E78-5DE006690675}.Debug|Any CPU.ActiveCfg = Debug|Any CPU
		{DA163E5C-1213-420B-9E78-5DE006690675}.Debug|Any CPU.Build.0 = Debug|Any CPU
		{DA163E5C-1213-420B-9E78-5DE006690675}.Release|Any CPU.ActiveCfg = Release|Any CPU
		{DA163E5C-1213-420B-9E78-5DE006690675}.Release|Any CPU.Build.0 = Release|Any CPU
		{F4E25D11-5CF9-466E-BA89-6D48D9CCB2D2}.Debug|Any CPU.ActiveCfg = Debug|Any CPU
		{F4E25D11-5CF9-466E-BA89-6D48D9CCB2D2}.Debug|Any CPU.Build.0 = Debug|Any CPU
		{F4E25D11-5CF9-466E-BA89-6D48D9CCB2D2}.Release|Any CPU.ActiveCfg = Release|Any CPU
		{F4E25D11-5CF9-466E-BA89-6D48D9CCB2D2}.Release|Any CPU.Build.0 = Release|Any CPU
		{A0E23106-D93A-4D6D-B276-C94BBD29C216}.Debug|Any CPU.ActiveCfg = Debug|Any CPU
		{A0E23106-D93A-4D6D-B276-C94BBD29C216}.Debug|Any CPU.Build.0 = Debug|Any CPU
		{A0E23106-D93A-4D6D-B276-C94BBD29C216}.Release|Any CPU.ActiveCfg = Release|Any CPU
		{A0E23106-D93A-4D6D-B276-C94BBD29C216}.Release|Any CPU.Build.0 = Release|Any CPU
		{1CB6E185-AAB8-4FA5-B3C9-D0D4DC5808DB}.Debug|Any CPU.ActiveCfg = Debug|Any CPU
		{1CB6E185-AAB8-4FA5-B3C9-D0D4DC5808DB}.Debug|Any CPU.Build.0 = Debug|Any CPU
		{1CB6E185-AAB8-4FA5-B3C9-D0D4DC5808DB}.Release|Any CPU.ActiveCfg = Release|Any CPU
		{1CB6E185-AAB8-4FA5-B3C9-D0D4DC5808DB}.Release|Any CPU.Build.0 = Release|Any CPU
	EndGlobalSection
	GlobalSection(SolutionProperties) = preSolution
		HideSolutionNode = FALSE
	EndGlobalSection
	GlobalSection(ExtensibilityGlobals) = postSolution
		SolutionGuid = {8193BC21-D591-470C-B27C-CD81D6990626}
	EndGlobalSection
EndGlobal
